
Microsoft Visual Studio Solution File, Format Version 12.00
# Visual Studio Version 17
VisualStudioVersion = 17.2.32505.173
MinimumVisualStudioVersion = 10.0.40219.1
Project("{FAE04EC0-301F-11D3-BF4B-00C04F79EFBC}") = "Cadastro", "Cadastro\Cadastro.csproj", "{BE7DB3EF-F9A7-4543-8FAA-07E0EACE96DA}"
EndProject
Global
	GlobalSection(SolutionConfigurationPlatforms) = preSolution
		Debug|Any CPU = Debug|Any CPU
		Release|Any CPU = Release|Any CPU
	EndGlobalSection
	GlobalSection(ProjectConfigurationPlatforms) = postSolution
		{BE7DB3EF-F9A7-4543-8FAA-07E0EACE96DA}.Debug|Any CPU.ActiveCfg = Debug|Any CPU
		{BE7DB3EF-F9A7-4543-8FAA-07E0EACE96DA}.Debug|Any CPU.Build.0 = Debug|Any CPU
		{BE7DB3EF-F9A7-4543-8FAA-07E0EACE96DA}.Release|Any CPU.ActiveCfg = Release|Any CPU
		{BE7DB3EF-F9A7-4543-8FAA-07E0EACE96DA}.Release|Any CPU.Build.0 = Release|Any CPU
	EndGlobalSection
	GlobalSection(SolutionProperties) = preSolution
		HideSolutionNode = FALSE
	EndGlobalSection
	GlobalSection(ExtensibilityGlobals) = postSolution
		SolutionGuid = {973C8911-9618-4256-8CAD-C1000B7F3622}
	EndGlobalSection
EndGlobal
